
Microsoft Visual Studio Solution File, Format Version 12.00
# Visual Studio Version 17
VisualStudioVersion = 17.11.35219.272
MinimumVisualStudioVersion = 10.0.40219.1
Project("{8BC9CEB8-8B4A-11D0-8D11-00A0C91BC942}") = "HttpServer", "HttpServer\HttpServer.vcxproj", "{B2953105-A56D-4A89-B104-476C47E8E23C}"
EndProject
Global
	GlobalSection(SolutionConfigurationPlatforms) = preSolution
		Debug|ARM = Debug|ARM
		Debug|ARM64 = Debug|ARM64
		Debug|x64 = Debug|x64
		Debug|x86 = Debug|x86
		Release|ARM = Release|ARM
		Release|ARM64 = Release|ARM64
		Release|x64 = Release|x64
		Release|x86 = Release|x86
	EndGlobalSection
	GlobalSection(ProjectConfigurationPlatforms) = postSolution
		{B2953105-A56D-4A89-B104-476C47E8E23C}.Debug|ARM.ActiveCfg = Debug|ARM
		{B2953105-A56D-4A89-B104-476C47E8E23C}.Debug|ARM.Build.0 = Debug|ARM
		{B2953105-A56D-4A89-B104-476C47E8E23C}.Debug|ARM.Deploy.0 = Debug|ARM
		{B2953105-A56D-4A89-B104-476C47E8E23C}.Debug|ARM64.ActiveCfg = Debug|ARM64
		{B2953105-A56D-4A89-B104-476C47E8E23C}.Debug|ARM64.Build.0 = Debug|ARM64
		{B2953105-A56D-4A89-B104-476C47E8E23C}.Debug|ARM64.Deploy.0 = Debug|ARM64
		{B2953105-A56D-4A89-B104-476C47E8E23C}.Debug|x64.ActiveCfg = Debug|x64
		{B2953105-A56D-4A89-B104-476C47E8E23C}.Debug|x64.Build.0 = Debug|x64
		{B2953105-A56D-4A89-B104-476C47E8E23C}.Debug|x64.Deploy.0 = Debug|x64
		{B2953105-A56D-4A89-B104-476C47E8E23C}.Debug|x86.ActiveCfg = Debug|x86
		{B2953105-A56D-4A89-B104-476C47E8E23C}.Debug|x86.Build.0 = Debug|x86
		{B2953105-A56D-4A89-B104-476C47E8E23C}.Debug|x86.Deploy.0 = Debug|x86
		{B2953105-A56D-4A89-B104-476C47E8E23C}.Release|ARM.ActiveCfg = Release|ARM
		{B2953105-A56D-4A89-B104-476C47E8E23C}.Release|ARM.Build.0 = Release|ARM
		{B2953105-A56D-4A89-B104-476C47E8E23C}.Release|ARM.Deploy.0 = Release|ARM
		{B2953105-A56D-4A89-B104-476C47E8E23C}.Release|ARM64.ActiveCfg = Release|ARM64
		{B2953105-A56D-4A89-B104-476C47E8E23C}.Release|ARM64.Build.0 = Release|ARM64
		{B2953105-A56D-4A89-B104-476C47E8E23C}.Release|ARM64.Deploy.0 = Release|ARM64
		{B2953105-A56D-4A89-B104-476C47E8E23C}.Release|x64.ActiveCfg = Release|x64
		{B2953105-A56D-4A89-B104-476C47E8E23C}.Release|x64.Build.0 = Release|x64
		{B2953105-A56D-4A89-B104-476C47E8E23C}.Release|x64.Deploy.0 = Release|x64
		{B2953105-A56D-4A89-B104-476C47E8E23C}.Release|x86.ActiveCfg = Release|x86
		{B2953105-A56D-4A89-B104-476C47E8E23C}.Release|x86.Build.0 = Release|x86
		{B2953105-A56D-4A89-B104-476C47E8E23C}.Release|x86.Deploy.0 = Release|x86
	EndGlobalSection
	GlobalSection(SolutionProperties) = preSolution
		HideSolutionNode = FALSE
	EndGlobalSection
	GlobalSection(ExtensibilityGlobals) = postSolution
		SolutionGuid = {3BCF4B12-E642-4DB1-A859-1D7BBA956006}
	EndGlobalSection
EndGlobal
